
Microsoft Visual Studio Solution File, Format Version 12.00
# Visual Studio 15
VisualStudioVersion = 15.0.28010.2026
MinimumVisualStudioVersion = 10.0.40219.1
Project("{FAE04EC0-301F-11D3-BF4B-00C04F79EFBC}") = "ServicioChatRoom", "ServicioChatRoom\ServicioChatRoom.csproj", "{12555351-558C-47A5-ACCE-390D1165BC31}"
EndProject
Global
	GlobalSection(SolutionConfigurationPlatforms) = preSolution
		Debug|Any CPU = Debug|Any CPU
		Release|Any CPU = Release|Any CPU
	EndGlobalSection
	GlobalSection(ProjectConfigurationPlatforms) = postSolution
		{12555351-558C-47A5-ACCE-390D1165BC31}.Debug|Any CPU.ActiveCfg = Debug|Any CPU
		{12555351-558C-47A5-ACCE-390D1165BC31}.Debug|Any CPU.Build.0 = Debug|Any CPU
		{12555351-558C-47A5-ACCE-390D1165BC31}.Release|Any CPU.ActiveCfg = Release|Any CPU
		{12555351-558C-47A5-ACCE-390D1165BC31}.Release|Any CPU.Build.0 = Release|Any CPU
	EndGlobalSection
	GlobalSection(SolutionProperties) = preSolution
		HideSolutionNode = FALSE
	EndGlobalSection
	GlobalSection(ExtensibilityGlobals) = postSolution
		SolutionGuid = {C7907F9F-0866-44F0-BDAC-4923C5D070D7}
	EndGlobalSection
EndGlobal
